// !$*UTF8*$!
{
	archiveVersion = 1;
	classes = {
	};
	objectVersion = 46;
	objects = {

/* Begin PBXBuildFile section */
		D8A3D7C919456A960054B377 /* NWBinaryHeap.m in Sources */ = {isa = PBXBuildFile; fileRef = D8A3D7C819456A960054B377 /* NWBinaryHeap.m */; };
		D8A3D7D019456A960054B377 /* XCTest.framework in Frameworks */ = {isa = PBXBuildFile; fileRef = D8A3D7CF19456A960054B377 /* XCTest.framework */; };
		D8A3D7D419456A960054B377 /* libNWBinaryHeap.a in Frameworks */ = {isa = PBXBuildFile; fileRef = D8A3D7BB19456A960054B377 /* libNWBinaryHeap.a */; };
		D8A3D7DC19456A960054B377 /* NWBinaryHeapTests.m in Sources */ = {isa = PBXBuildFile; fileRef = D8A3D7DB19456A960054B377 /* NWBinaryHeapTests.m */; };
		D8A3D7E519456AAF0054B377 /* Foundation.framework in Frameworks */ = {isa = PBXBuildFile; fileRef = D8A3D7C119456A960054B377 /* Foundation.framework */; };
/* End PBXBuildFile section */

/* Begin PBXContainerItemProxy section */
		D8A3D7D219456A960054B377 /* PBXContainerItemProxy */ = {
			isa = PBXContainerItemProxy;
			containerPortal = D8A3D7B319456A960054B377 /* Project object */;
			proxyType = 1;
			remoteGlobalIDString = D8A3D7BA19456A960054B377;
			remoteInfo = NWBinaryHeap;
		};
/* End PBXContainerItemProxy section */

/* Begin PBXFileReference section */
		D8A3D7BB19456A960054B377 /* libNWBinaryHeap.a */ = {isa = PBXFileReference; explicitFileType = archive.ar; includeInIndex = 0; path = libNWBinaryHeap.a; sourceTree = BUILT_PRODUCTS_DIR; };
		D8A3D7C119456A960054B377 /* Foundation.framework */ = {isa = PBXFileReference; lastKnownFileType = wrapper.framework; name = Foundation.framework; path = System/Library/Frameworks/Foundation.framework; sourceTree = SDKROOT; };
		D8A3D7C719456A960054B377 /* NWBinaryHeap.h */ = {isa = PBXFileReference; lastKnownFileType = sourcecode.c.h; path = NWBinaryHeap.h; sourceTree = "<group>"; };
		D8A3D7C819456A960054B377 /* NWBinaryHeap.m */ = {isa = PBXFileReference; lastKnownFileType = sourcecode.c.objc; path = NWBinaryHeap.m; sourceTree = "<group>"; };
		D8A3D7CE19456A960054B377 /* NWBinaryHeapTests.xctest */ = {isa = PBXFileReference; explicitFileType = wrapper.cfbundle; includeInIndex = 0; path = NWBinaryHeapTests.xctest; sourceTree = BUILT_PRODUCTS_DIR; };
		D8A3D7CF19456A960054B377 /* XCTest.framework */ = {isa = PBXFileReference; lastKnownFileType = wrapper.framework; name = XCTest.framework; path = Library/Frameworks/XCTest.framework; sourceTree = DEVELOPER_DIR; };
		D8A3D7DB19456A960054B377 /* NWBinaryHeapTests.m */ = {isa = PBXFileReference; lastKnownFileType = sourcecode.c.objc; path = NWBinaryHeapTests.m; sourceTree = "<group>"; };
/* End PBXFileReference section */

/* Begin PBXFrameworksBuildPhase section */
		D8A3D7B819456A960054B377 /* Frameworks */ = {
			isa = PBXFrameworksBuildPhase;
			buildActionMask = 2147483647;
			files = (
				D8A3D7E519456AAF0054B377 /* Foundation.framework in Frameworks */,
			);
			runOnlyForDeploymentPostprocessing = 0;
		};
		D8A3D7CB19456A960054B377 /* Frameworks */ = {
			isa = PBXFrameworksBuildPhase;
			buildActionMask = 2147483647;
			files = (
				D8A3D7D419456A960054B377 /* libNWBinaryHeap.a in Frameworks */,
				D8A3D7D019456A960054B377 /* XCTest.framework in Frameworks */,
			);
			runOnlyForDeploymentPostprocessing = 0;
		};
/* End PBXFrameworksBuildPhase section */

/* Begin PBXGroup section */
		D8A3D7B219456A960054B377 = {
			isa = PBXGroup;
			children = (
				D8A3D7C419456A960054B377 /* NWBinaryHeap */,
				D8A3D7D519456A960054B377 /* NWBinaryHeapTests */,
				D8A3D7BD19456A960054B377 /* Frameworks */,
				D8A3D7BC19456A960054B377 /* Products */,
			);
			sourceTree = "<group>";
		};
		D8A3D7BC19456A960054B377 /* Products */ = {
			isa = PBXGroup;
			children = (
				D8A3D7BB19456A960054B377 /* libNWBinaryHeap.a */,
				D8A3D7CE19456A960054B377 /* NWBinaryHeapTests.xctest */,
			);
			name = Products;
			sourceTree = "<group>";
		};
		D8A3D7BD19456A960054B377 /* Frameworks */ = {
			isa = PBXGroup;
			children = (
				D8A3D7C119456A960054B377 /* Foundation.framework */,
				D8A3D7CF19456A960054B377 /* XCTest.framework */,
			);
			name = Frameworks;
			sourceTree = "<group>";
		};
		D8A3D7C419456A960054B377 /* NWBinaryHeap */ = {
			isa = PBXGroup;
			children = (
				D8A3D7C719456A960054B377 /* NWBinaryHeap.h */,
				D8A3D7C819456A960054B377 /* NWBinaryHeap.m */,
			);
			path = NWBinaryHeap;
			sourceTree = "<group>";
		};
		D8A3D7D519456A960054B377 /* NWBinaryHeapTests */ = {
			isa = PBXGroup;
			children = (
				D8A3D7DB19456A960054B377 /* NWBinaryHeapTests.m */,
			);
			path = NWBinaryHeapTests;
			sourceTree = "<group>";
		};
/* End PBXGroup section */

/* Begin PBXHeadersBuildPhase section */
		D8A3D7B919456A960054B377 /* Headers */ = {
			isa = PBXHeadersBuildPhase;
			buildActionMask = 2147483647;
			files = (
			);
			runOnlyForDeploymentPostprocessing = 0;
		};
/* End PBXHeadersBuildPhase section */

/* Begin PBXNativeTarget section */
		D8A3D7BA19456A960054B377 /* NWBinaryHeap */ = {
			isa = PBXNativeTarget;
			buildConfigurationList = D8A3D7DF19456A960054B377 /* Build configuration list for PBXNativeTarget "NWBinaryHeap" */;
			buildPhases = (
				D8A3D7B719456A960054B377 /* Sources */,
				D8A3D7B819456A960054B377 /* Frameworks */,
				D8A3D7B919456A960054B377 /* Headers */,
			);
			buildRules = (
			);
			dependencies = (
			);
			name = NWBinaryHeap;
			productName = NWBinaryHeap;
			productReference = D8A3D7BB19456A960054B377 /* libNWBinaryHeap.a */;
			productType = "com.apple.product-type.library.static";
		};
		D8A3D7CD19456A960054B377 /* NWBinaryHeapTests */ = {
			isa = PBXNativeTarget;
			buildConfigurationList = D8A3D7E219456A960054B377 /* Build configuration list for PBXNativeTarget "NWBinaryHeapTests" */;
			buildPhases = (
				D8A3D7CA19456A960054B377 /* Sources */,
				D8A3D7CB19456A960054B377 /* Frameworks */,
				D8A3D7CC19456A960054B377 /* Resources */,
			);
			buildRules = (
			);
			dependencies = (
				D8A3D7D319456A960054B377 /* PBXTargetDependency */,
			);
			name = NWBinaryHeapTests;
			productName = NWBinaryHeapTests;
			productReference = D8A3D7CE19456A960054B377 /* NWBinaryHeapTests.xctest */;
			productType = "com.apple.product-type.bundle.unit-test";
		};
/* End PBXNativeTarget section */

/* Begin PBXProject section */
		D8A3D7B319456A960054B377 /* Project object */ = {
			isa = PBXProject;
			attributes = {
				LastUpgradeCheck = 0510;
				ORGANIZATIONNAME = "Nathan Wood";
			};
			buildConfigurationList = D8A3D7B619456A960054B377 /* Build configuration list for PBXProject "NWBinaryHeap" */;
			compatibilityVersion = "Xcode 3.2";
			developmentRegion = English;
			hasScannedForEncodings = 0;
			knownRegions = (
				en,
			);
			mainGroup = D8A3D7B219456A960054B377;
			productRefGroup = D8A3D7BC19456A960054B377 /* Products */;
			projectDirPath = "";
			projectRoot = "";
			targets = (
				D8A3D7BA19456A960054B377 /* NWBinaryHeap */,
				D8A3D7CD19456A960054B377 /* NWBinaryHeapTests */,
			);
		};
/* End PBXProject section */

/* Begin PBXResourcesBuildPhase section */
		D8A3D7CC19456A960054B377 /* Resources */ = {
			isa = PBXResourcesBuildPhase;
			buildActionMask = 2147483647;
			files = (
			);
			runOnlyForDeploymentPostprocessing = 0;
		};
/* End PBXResourcesBuildPhase section */

/* Begin PBXSourcesBuildPhase section */
		D8A3D7B719456A960054B377 /* Sources */ = {
			isa = PBXSourcesBuildPhase;
			buildActionMask = 2147483647;
			files = (
				D8A3D7C919456A960054B377 /* NWBinaryHeap.m in Sources */,
			);
			runOnlyForDeploymentPostprocessing = 0;
		};
		D8A3D7CA19456A960054B377 /* Sources */ = {
			isa = PBXSourcesBuildPhase;
			buildActionMask = 2147483647;
			files = (
				D8A3D7DC19456A960054B377 /* NWBinaryHeapTests.m in Sources */,
			);
			runOnlyForDeploymentPostprocessing = 0;
		};
/* End PBXSourcesBuildPhase section */

/* Begin PBXTargetDependency section */
		D8A3D7D319456A960054B377 /* PBXTargetDependency */ = {
			isa = PBXTargetDependency;
			target = D8A3D7BA19456A960054B377 /* NWBinaryHeap */;
			targetProxy = D8A3D7D219456A960054B377 /* PBXContainerItemProxy */;
		};
/* End PBXTargetDependency section */

/* Begin XCBuildConfiguration section */
		D8A3D7DD19456A960054B377 /* Debug */ = {
			isa = XCBuildConfiguration;
			buildSettings = {
				ALWAYS_SEARCH_USER_PATHS = NO;
				CLANG_CXX_LANGUAGE_STANDARD = "gnu++0x";
				CLANG_CXX_LIBRARY = "libc++";
				CLANG_ENABLE_MODULES = YES;
				CLANG_ENABLE_OBJC_ARC = YES;
				CLANG_WARN_BOOL_CONVERSION = YES;
				CLANG_WARN_CONSTANT_CONVERSION = YES;
				CLANG_WARN_DIRECT_OBJC_ISA_USAGE = YES_ERROR;
				CLANG_WARN_EMPTY_BODY = YES;
				CLANG_WARN_ENUM_CONVERSION = YES;
				CLANG_WARN_INT_CONVERSION = YES;
				CLANG_WARN_OBJC_ROOT_CLASS = YES_ERROR;
				CLANG_WARN__DUPLICATE_METHOD_MATCH = YES;
				COPY_PHASE_STRIP = NO;
				GCC_C_LANGUAGE_STANDARD = gnu99;
				GCC_DYNAMIC_NO_PIC = NO;
				GCC_ENABLE_OBJC_EXCEPTIONS = YES;
				GCC_OPTIMIZATION_LEVEL = 0;
				GCC_PREPROCESSOR_DEFINITIONS = (
					"DEBUG=1",
					"$(inherited)",
				);
				GCC_SYMBOLS_PRIVATE_EXTERN = NO;
				GCC_WARN_64_TO_32_BIT_CONVERSION = YES;
				GCC_WARN_ABOUT_RETURN_TYPE = YES_ERROR;
				GCC_WARN_UNDECLARED_SELECTOR = YES;
				GCC_WARN_UNINITIALIZED_AUTOS = YES_AGGRESSIVE;
				GCC_WARN_UNUSED_FUNCTION = YES;
				GCC_WARN_UNUSED_VARIABLE = YES;
				MACOSX_DEPLOYMENT_TARGET = 10.9;
				ONLY_ACTIVE_ARCH = YES;
				SDKROOT = macosx;
			};
			name = Debug;
		};
		D8A3D7DE19456A960054B377 /* Release */ = {
			isa = XCBuildConfiguration;
			buildSettings = {
				ALWAYS_SEARCH_USER_PATHS = NO;
				CLANG_CXX_LANGUAGE_STANDARD = "gnu++0x";
				CLANG_CXX_LIBRARY = "libc++";
				CLANG_ENABLE_MODULES = YES;
				CLANG_ENABLE_OBJC_ARC = YES;
				CLANG_WARN_BOOL_CONVERSION = YES;
				CLANG_WARN_CONSTANT_CONVERSION = YES;
				CLANG_WARN_DIRECT_OBJC_ISA_USAGE = YES_ERROR;
				CLANG_WARN_EMPTY_BODY = YES;
				CLANG_WARN_ENUM_CONVERSION = YES;
				CLANG_WARN_INT_CONVERSION = YES;
				CLANG_WARN_OBJC_ROOT_CLASS = YES_ERROR;
				CLANG_WARN__DUPLICATE_METHOD_MATCH = YES;
				COPY_PHASE_STRIP = YES;
				DEBUG_INFORMATION_FORMAT = "dwarf-with-dsym";
				ENABLE_NS_ASSERTIONS = NO;
				GCC_C_LANGUAGE_STANDARD = gnu99;
				GCC_ENABLE_OBJC_EXCEPTIONS = YES;
				GCC_WARN_64_TO_32_BIT_CONVERSION = YES;
				GCC_WARN_ABOUT_RETURN_TYPE = YES_ERROR;
				GCC_WARN_UNDECLARED_SELECTOR = YES;
				GCC_WARN_UNINITIALIZED_AUTOS = YES_AGGRESSIVE;
				GCC_WARN_UNUSED_FUNCTION = YES;
				GCC_WARN_UNUSED_VARIABLE = YES;
				MACOSX_DEPLOYMENT_TARGET = 10.9;
				SDKROOT = macosx;
			};
			name = Release;
		};
		D8A3D7E019456A960054B377 /* Debug */ = {
			isa = XCBuildConfiguration;
			buildSettings = {
				GCC_PRECOMPILE_PREFIX_HEADER = YES;
				PRODUCT_NAME = "$(TARGET_NAME)";
			};
			name = Debug;
		};
		D8A3D7E119456A960054B377 /* Release */ = {
			isa = XCBuildConfiguration;
			buildSettings = {
				GCC_PRECOMPILE_PREFIX_HEADER = YES;
				PRODUCT_NAME = "$(TARGET_NAME)";
			};
			name = Release;
		};
		D8A3D7E319456A960054B377 /* Debug */ = {
			isa = XCBuildConfiguration;
			buildSettings = {
				COMBINE_HIDPI_IMAGES = YES;
				FRAMEWORK_SEARCH_PATHS = (
					"$(DEVELOPER_FRAMEWORKS_DIR)",
					"$(inherited)",
				);
				GCC_PRECOMPILE_PREFIX_HEADER = YES;
				GCC_PREPROCESSOR_DEFINITIONS = (
					"DEBUG=1",
					"$(inherited)",
				);
				PRODUCT_NAME = "$(TARGET_NAME)";
				WRAPPER_EXTENSION = xctest;
			};
			name = Debug;
		};
		D8A3D7E419456A960054B377 /* Release */ = {
			isa = XCBuildConfiguration;
			buildSettings = {
				COMBINE_HIDPI_IMAGES = YES;
				FRAMEWORK_SEARCH_PATHS = (
					"$(DEVELOPER_FRAMEWORKS_DIR)",
					"$(inherited)",
				);
				GCC_PRECOMPILE_PREFIX_HEADER = YES;
				PRODUCT_NAME = "$(TARGET_NAME)";
				WRAPPER_EXTENSION = xctest;
			};
			name = Release;
		};
/* End XCBuildConfiguration section */

/* Begin XCConfigurationList section */
		D8A3D7B619456A960054B377 /* Build configuration list for PBXProject "NWBinaryHeap" */ = {
			isa = XCConfigurationList;
			buildConfigurations = (
				D8A3D7DD19456A960054B377 /* Debug */,
				D8A3D7DE19456A960054B377 /* Release */,
			);
			defaultConfigurationIsVisible = 0;
			defaultConfigurationName = Release;
		};
		D8A3D7DF19456A960054B377 /* Build configuration list for PBXNativeTarget "NWBinaryHeap" */ = {
			isa = XCConfigurationList;
			buildConfigurations = (
				D8A3D7E019456A960054B377 /* Debug */,
				D8A3D7E119456A960054B377 /* Release */,
			);
			defaultConfigurationIsVisible = 0;
		};
		D8A3D7E219456A960054B377 /* Build configuration list for PBXNativeTarget "NWBinaryHeapTests" */ = {
			isa = XCConfigurationList;
			buildConfigurations = (
				D8A3D7E319456A960054B377 /* Debug */,
				D8A3D7E419456A960054B377 /* Release */,
			);
			defaultConfigurationIsVisible = 0;
		};
/* End XCConfigurationList section */
	};
	rootObject = D8A3D7B319456A960054B377 /* Project object */;
}
